// !$*UTF8*$!
{
	archiveVersion = 1;
	classes = {
	};
	objectVersion = 46;
	objects = {

/* Begin PBXBuildFile section */
		5F3A34D01F852A10001B9EE4 /* AirportDetailViewController.swift in Sources */ = {isa = PBXBuildFile; fileRef = 5F3A34CF1F852A10001B9EE4 /* AirportDetailViewController.swift */; };
		5F8770B21F7D084F00C2AF5D /* AirportTableViewController.swift in Sources */ = {isa = PBXBuildFile; fileRef = 5F8770B11F7D084F00C2AF5D /* AirportTableViewController.swift */; };
		5F8770B41F7D087B00C2AF5D /* AirportTableViewCell.swift in Sources */ = {isa = PBXBuildFile; fileRef = 5F8770B31F7D087B00C2AF5D /* AirportTableViewCell.swift */; };
		5F94EDDA1F77B73D00540C1E /* AppDelegate.swift in Sources */ = {isa = PBXBuildFile; fileRef = 5F94EDD91F77B73D00540C1E /* AppDelegate.swift */; };
		5F94EDDF1F77B73D00540C1E /* Main.storyboard in Resources */ = {isa = PBXBuildFile; fileRef = 5F94EDDD1F77B73D00540C1E /* Main.storyboard */; };
		5F94EDE11F77B73D00540C1E /* Assets.xcassets in Resources */ = {isa = PBXBuildFile; fileRef = 5F94EDE01F77B73D00540C1E /* Assets.xcassets */; };
		5F94EDE41F77B73D00540C1E /* LaunchScreen.storyboard in Resources */ = {isa = PBXBuildFile; fileRef = 5F94EDE21F77B73D00540C1E /* LaunchScreen.storyboard */; };
		5F94EDEF1F77B73D00540C1E /* AirportsTests.swift in Sources */ = {isa = PBXBuildFile; fileRef = 5F94EDEE1F77B73D00540C1E /* AirportsTests.swift */; };
		5F94EDFA1F77B73D00540C1E /* AirportsUITests.swift in Sources */ = {isa = PBXBuildFile; fileRef = 5F94EDF91F77B73D00540C1E /* AirportsUITests.swift */; };
		5F94EE821F77EA6100540C1E /* SQLite.framework in Frameworks */ = {isa = PBXBuildFile; fileRef = 5F94EE741F77EA1E00540C1E /* SQLite.framework */; };
		5F94EE831F77EA6100540C1E /* SQLite.framework in Embed Frameworks */ = {isa = PBXBuildFile; fileRef = 5F94EE741F77EA1E00540C1E /* SQLite.framework */; settings = {ATTRIBUTES = (CodeSignOnCopy, RemoveHeadersOnCopy, ); }; };
		5F94EE881F77F1DA00540C1E /* airports.sqlite in Resources */ = {isa = PBXBuildFile; fileRef = 5F94EE871F77F1DA00540C1E /* airports.sqlite */; };
		5F94EE8A1F77FAB400540C1E /* AirportDatabaseHelper.swift in Sources */ = {isa = PBXBuildFile; fileRef = 5F94EE891F77FAB400540C1E /* AirportDatabaseHelper.swift */; };
		5F94EE8C1F77FB4100540C1E /* Airport.swift in Sources */ = {isa = PBXBuildFile; fileRef = 5F94EE8B1F77FB4100540C1E /* Airport.swift */; };
		5FA39A241F84F4430030E700 /* MapKit.framework in Frameworks */ = {isa = PBXBuildFile; fileRef = 5FA39A231F84F4430030E700 /* MapKit.framework */; };
/* End PBXBuildFile section */

/* Begin PBXContainerItemProxy section */
		5F94EDEB1F77B73D00540C1E /* PBXContainerItemProxy */ = {
			isa = PBXContainerItemProxy;
			containerPortal = 5F94EDCE1F77B73D00540C1E /* Project object */;
			proxyType = 1;
			remoteGlobalIDString = 5F94EDD51F77B73D00540C1E;
			remoteInfo = Airports;
		};
		5F94EDF61F77B73D00540C1E /* PBXContainerItemProxy */ = {
			isa = PBXContainerItemProxy;
			containerPortal = 5F94EDCE1F77B73D00540C1E /* Project object */;
			proxyType = 1;
			remoteGlobalIDString = 5F94EDD51F77B73D00540C1E;
			remoteInfo = Airports;
		};
		5F94EE731F77EA1E00540C1E /* PBXContainerItemProxy */ = {
			isa = PBXContainerItemProxy;
			containerPortal = 5F94EE691F77EA1D00540C1E /* SQLite.xcodeproj */;
			proxyType = 2;
			remoteGlobalIDString = EE247AD31C3F04ED00AE3E12;
			remoteInfo = "SQLite iOS";
		};
		5F94EE751F77EA1E00540C1E /* PBXContainerItemProxy */ = {
			isa = PBXContainerItemProxy;
			containerPortal = 5F94EE691F77EA1D00540C1E /* SQLite.xcodeproj */;
			proxyType = 2;
			remoteGlobalIDString = EE247ADD1C3F04ED00AE3E12;
			remoteInfo = "SQLiteTests iOS";
		};
		5F94EE771F77EA1E00540C1E /* PBXContainerItemProxy */ = {
			isa = PBXContainerItemProxy;
			containerPortal = 5F94EE691F77EA1D00540C1E /* SQLite.xcodeproj */;
			proxyType = 2;
			remoteGlobalIDString = EE247B3C1C3F3ED000AE3E12;
			remoteInfo = "SQLite Mac";
		};
		5F94EE791F77EA1E00540C1E /* PBXContainerItemProxy */ = {
			isa = PBXContainerItemProxy;
			containerPortal = 5F94EE691F77EA1D00540C1E /* SQLite.xcodeproj */;
			proxyType = 2;
			remoteGlobalIDString = EE247B451C3F3ED000AE3E12;
			remoteInfo = "SQLiteTests Mac";
		};
		5F94EE7B1F77EA1E00540C1E /* PBXContainerItemProxy */ = {
			isa = PBXContainerItemProxy;
			containerPortal = 5F94EE691F77EA1D00540C1E /* SQLite.xcodeproj */;
			proxyType = 2;
			remoteGlobalIDString = 03A65E5A1C6BB0F50062603F;
			remoteInfo = "SQLite tvOS";
		};
		5F94EE7D1F77EA1E00540C1E /* PBXContainerItemProxy */ = {
			isa = PBXContainerItemProxy;
			containerPortal = 5F94EE691F77EA1D00540C1E /* SQLite.xcodeproj */;
			proxyType = 2;
			remoteGlobalIDString = 03A65E631C6BB0F60062603F;
			remoteInfo = "SQLiteTests tvOS";
		};
		5F94EE7F1F77EA1E00540C1E /* PBXContainerItemProxy */ = {
			isa = PBXContainerItemProxy;
			containerPortal = 5F94EE691F77EA1D00540C1E /* SQLite.xcodeproj */;
			proxyType = 2;
			remoteGlobalIDString = A121AC451CA35C79005A31D1;
			remoteInfo = "SQLite watchOS";
		};
		5F94EE841F77EA6100540C1E /* PBXContainerItemProxy */ = {
			isa = PBXContainerItemProxy;
			containerPortal = 5F94EE691F77EA1D00540C1E /* SQLite.xcodeproj */;
			proxyType = 1;
			remoteGlobalIDString = EE247AD21C3F04ED00AE3E12;
			remoteInfo = "SQLite iOS";
		};
/* End PBXContainerItemProxy section */

/* Begin PBXCopyFilesBuildPhase section */
		5F94EE861F77EA6100540C1E /* Embed Frameworks */ = {
			isa = PBXCopyFilesBuildPhase;
			buildActionMask = 2147483647;
			dstPath = "";
			dstSubfolderSpec = 10;
			files = (
				5F94EE831F77EA6100540C1E /* SQLite.framework in Embed Frameworks */,
			);
			name = "Embed Frameworks";
			runOnlyForDeploymentPostprocessing = 0;
		};
/* End PBXCopyFilesBuildPhase section */

/* Begin PBXFileReference section */
		5F3A34CF1F852A10001B9EE4 /* AirportDetailViewController.swift */ = {isa = PBXFileReference; lastKnownFileType = sourcecode.swift; path = AirportDetailViewController.swift; sourceTree = "<group>"; };
		5F8770B11F7D084F00C2AF5D /* AirportTableViewController.swift */ = {isa = PBXFileReference; fileEncoding = 4; lastKnownFileType = sourcecode.swift; path = AirportTableViewController.swift; sourceTree = "<group>"; };
		5F8770B31F7D087B00C2AF5D /* AirportTableViewCell.swift */ = {isa = PBXFileReference; fileEncoding = 4; lastKnownFileType = sourcecode.swift; path = AirportTableViewCell.swift; sourceTree = "<group>"; };
		5F94EDD61F77B73D00540C1E /* Airports.app */ = {isa = PBXFileReference; explicitFileType = wrapper.application; includeInIndex = 0; path = Airports.app; sourceTree = BUILT_PRODUCTS_DIR; };
		5F94EDD91F77B73D00540C1E /* AppDelegate.swift */ = {isa = PBXFileReference; lastKnownFileType = sourcecode.swift; path = AppDelegate.swift; sourceTree = "<group>"; };
		5F94EDDE1F77B73D00540C1E /* Base */ = {isa = PBXFileReference; lastKnownFileType = file.storyboard; name = Base; path = Base.lproj/Main.storyboard; sourceTree = "<group>"; };
		5F94EDE01F77B73D00540C1E /* Assets.xcassets */ = {isa = PBXFileReference; lastKnownFileType = folder.assetcatalog; path = Assets.xcassets; sourceTree = "<group>"; };
		5F94EDE31F77B73D00540C1E /* Base */ = {isa = PBXFileReference; lastKnownFileType = file.storyboard; name = Base; path = Base.lproj/LaunchScreen.storyboard; sourceTree = "<group>"; };
		5F94EDE51F77B73D00540C1E /* Info.plist */ = {isa = PBXFileReference; lastKnownFileType = text.plist.xml; path = Info.plist; sourceTree = "<group>"; };
		5F94EDEA1F77B73D00540C1E /* AirportsTests.xctest */ = {isa = PBXFileReference; explicitFileType = wrapper.cfbundle; includeInIndex = 0; path = AirportsTests.xctest; sourceTree = BUILT_PRODUCTS_DIR; };
		5F94EDEE1F77B73D00540C1E /* AirportsTests.swift */ = {isa = PBXFileReference; lastKnownFileType = sourcecode.swift; path = AirportsTests.swift; sourceTree = "<group>"; };
		5F94EDF01F77B73D00540C1E /* Info.plist */ = {isa = PBXFileReference; lastKnownFileType = text.plist.xml; path = Info.plist; sourceTree = "<group>"; };
		5F94EDF51F77B73D00540C1E /* AirportsUITests.xctest */ = {isa = PBXFileReference; explicitFileType = wrapper.cfbundle; includeInIndex = 0; path = AirportsUITests.xctest; sourceTree = BUILT_PRODUCTS_DIR; };
		5F94EDF91F77B73D00540C1E /* AirportsUITests.swift */ = {isa = PBXFileReference; lastKnownFileType = sourcecode.swift; path = AirportsUITests.swift; sourceTree = "<group>"; };
		5F94EDFB1F77B73D00540C1E /* Info.plist */ = {isa = PBXFileReference; lastKnownFileType = text.plist.xml; path = Info.plist; sourceTree = "<group>"; };
		5F94EE691F77EA1D00540C1E /* SQLite.xcodeproj */ = {isa = PBXFileReference; lastKnownFileType = "wrapper.pb-project"; name = SQLite.xcodeproj; path = "../../Downloads/SQLite.swift-master/SQLite.xcodeproj"; sourceTree = "<group>"; };
		5F94EE871F77F1DA00540C1E /* airports.sqlite */ = {isa = PBXFileReference; lastKnownFileType = file; path = airports.sqlite; sourceTree = "<group>"; };
		5F94EE891F77FAB400540C1E /* AirportDatabaseHelper.swift */ = {isa = PBXFileReference; fileEncoding = 4; lastKnownFileType = sourcecode.swift; path = AirportDatabaseHelper.swift; sourceTree = "<group>"; };
		5F94EE8B1F77FB4100540C1E /* Airport.swift */ = {isa = PBXFileReference; fileEncoding = 4; lastKnownFileType = sourcecode.swift; path = Airport.swift; sourceTree = "<group>"; };
		5FA39A231F84F4430030E700 /* MapKit.framework */ = {isa = PBXFileReference; lastKnownFileType = wrapper.framework; name = MapKit.framework; path = System/Library/Frameworks/MapKit.framework; sourceTree = SDKROOT; };
/* End PBXFileReference section */

/* Begin PBXFrameworksBuildPhase section */
		5F94EDD31F77B73D00540C1E /* Frameworks */ = {
			isa = PBXFrameworksBuildPhase;
			buildActionMask = 2147483647;
			files = (
				5F94EE821F77EA6100540C1E /* SQLite.framework in Frameworks */,
				5FA39A241F84F4430030E700 /* MapKit.framework in Frameworks */,
			);
			runOnlyForDeploymentPostprocessing = 0;
		};
		5F94EDE71F77B73D00540C1E /* Frameworks */ = {
			isa = PBXFrameworksBuildPhase;
			buildActionMask = 2147483647;
			files = (
			);
			runOnlyForDeploymentPostprocessing = 0;
		};
		5F94EDF21F77B73D00540C1E /* Frameworks */ = {
			isa = PBXFrameworksBuildPhase;
			buildActionMask = 2147483647;
			files = (
			);
			runOnlyForDeploymentPostprocessing = 0;
		};
/* End PBXFrameworksBuildPhase section */

/* Begin PBXGroup section */
		5F94EDCD1F77B73C00540C1E = {
			isa = PBXGroup;
			children = (
				5F94EDD81F77B73D00540C1E /* Airports */,
				5F94EDED1F77B73D00540C1E /* AirportsTests */,
				5F94EDF81F77B73D00540C1E /* AirportsUITests */,
				5F94EDD71F77B73D00540C1E /* Products */,
				5F94EE691F77EA1D00540C1E /* SQLite.xcodeproj */,
				5FA39A221F84F4430030E700 /* Frameworks */,
			);
			sourceTree = "<group>";
		};
		5F94EDD71F77B73D00540C1E /* Products */ = {
			isa = PBXGroup;
			children = (
				5F94EDD61F77B73D00540C1E /* Airports.app */,
				5F94EDEA1F77B73D00540C1E /* AirportsTests.xctest */,
				5F94EDF51F77B73D00540C1E /* AirportsUITests.xctest */,
			);
			name = Products;
			sourceTree = "<group>";
		};
		5F94EDD81F77B73D00540C1E /* Airports */ = {
			isa = PBXGroup;
			children = (
				5F94EDD91F77B73D00540C1E /* AppDelegate.swift */,
				5F94EE871F77F1DA00540C1E /* airports.sqlite */,
				5F94EDDD1F77B73D00540C1E /* Main.storyboard */,
				5F8770B31F7D087B00C2AF5D /* AirportTableViewCell.swift */,
				5F94EDE01F77B73D00540C1E /* Assets.xcassets */,
				5F94EDE21F77B73D00540C1E /* LaunchScreen.storyboard */,
				5F94EDE51F77B73D00540C1E /* Info.plist */,
				5F94EE891F77FAB400540C1E /* AirportDatabaseHelper.swift */,
				5F94EE8B1F77FB4100540C1E /* Airport.swift */,
				5F8770B11F7D084F00C2AF5D /* AirportTableViewController.swift */,
				5F3A34CF1F852A10001B9EE4 /* AirportDetailViewController.swift */,
			);
			path = Airports;
			sourceTree = "<group>";
		};
		5F94EDED1F77B73D00540C1E /* AirportsTests */ = {
			isa = PBXGroup;
			children = (
				5F94EDEE1F77B73D00540C1E /* AirportsTests.swift */,
				5F94EDF01F77B73D00540C1E /* Info.plist */,
			);
			path = AirportsTests;
			sourceTree = "<group>";
		};
		5F94EDF81F77B73D00540C1E /* AirportsUITests */ = {
			isa = PBXGroup;
			children = (
				5F94EDF91F77B73D00540C1E /* AirportsUITests.swift */,
				5F94EDFB1F77B73D00540C1E /* Info.plist */,
			);
			path = AirportsUITests;
			sourceTree = "<group>";
		};
		5F94EE6A1F77EA1D00540C1E /* Products */ = {
			isa = PBXGroup;
			children = (
				5F94EE741F77EA1E00540C1E /* SQLite.framework */,
				5F94EE761F77EA1E00540C1E /* SQLiteTests iOS.xctest */,
				5F94EE781F77EA1E00540C1E /* SQLite.framework */,
				5F94EE7A1F77EA1E00540C1E /* SQLiteTests Mac.xctest */,
				5F94EE7C1F77EA1E00540C1E /* SQLite.framework */,
				5F94EE7E1F77EA1E00540C1E /* SQLiteTests tvOS.xctest */,
				5F94EE801F77EA1E00540C1E /* SQLite.framework */,
			);
			name = Products;
			sourceTree = "<group>";
		};
		5FA39A221F84F4430030E700 /* Frameworks */ = {
			isa = PBXGroup;
			children = (
				5FA39A231F84F4430030E700 /* MapKit.framework */,
			);
			name = Frameworks;
			sourceTree = "<group>";
		};
/* End PBXGroup section */

/* Begin PBXNativeTarget section */
		5F94EDD51F77B73D00540C1E /* Airports */ = {
			isa = PBXNativeTarget;
			buildConfigurationList = 5F94EDFE1F77B73D00540C1E /* Build configuration list for PBXNativeTarget "Airports" */;
			buildPhases = (
				5F94EDD21F77B73D00540C1E /* Sources */,
				5F94EDD31F77B73D00540C1E /* Frameworks */,
				5F94EDD41F77B73D00540C1E /* Resources */,
				5F94EE861F77EA6100540C1E /* Embed Frameworks */,
			);
			buildRules = (
			);
			dependencies = (
				5F94EE851F77EA6100540C1E /* PBXTargetDependency */,
			);
			name = Airports;
			productName = Airports;
			productReference = 5F94EDD61F77B73D00540C1E /* Airports.app */;
			productType = "com.apple.product-type.application";
		};
		5F94EDE91F77B73D00540C1E /* AirportsTests */ = {
			isa = PBXNativeTarget;
			buildConfigurationList = 5F94EE011F77B73D00540C1E /* Build configuration list for PBXNativeTarget "AirportsTests" */;
			buildPhases = (
				5F94EDE61F77B73D00540C1E /* Sources */,
				5F94EDE71F77B73D00540C1E /* Frameworks */,
				5F94EDE81F77B73D00540C1E /* Resources */,
			);
			buildRules = (
			);
			dependencies = (
				5F94EDEC1F77B73D00540C1E /* PBXTargetDependency */,
			);
			name = AirportsTests;
			productName = AirportsTests;
			productReference = 5F94EDEA1F77B73D00540C1E /* AirportsTests.xctest */;
			productType = "com.apple.product-type.bundle.unit-test";
		};
		5F94EDF41F77B73D00540C1E /* AirportsUITests */ = {
			isa = PBXNativeTarget;
			buildConfigurationList = 5F94EE041F77B73D00540C1E /* Build configuration list for PBXNativeTarget "AirportsUITests" */;
			buildPhases = (
				5F94EDF11F77B73D00540C1E /* Sources */,
				5F94EDF21F77B73D00540C1E /* Frameworks */,
				5F94EDF31F77B73D00540C1E /* Resources */,
			);
			buildRules = (
			);
			dependencies = (
				5F94EDF71F77B73D00540C1E /* PBXTargetDependency */,
			);
			name = AirportsUITests;
			productName = AirportsUITests;
			productReference = 5F94EDF51F77B73D00540C1E /* AirportsUITests.xctest */;
			productType = "com.apple.product-type.bundle.ui-testing";
		};
/* End PBXNativeTarget section */

/* Begin PBXProject section */
		5F94EDCE1F77B73D00540C1E /* Project object */ = {
			isa = PBXProject;
			attributes = {
				LastSwiftUpdateCheck = 0830;
				LastUpgradeCheck = 0900;
				ORGANIZATIONNAME = Joep;
				TargetAttributes = {
					5F94EDD51F77B73D00540C1E = {
						CreatedOnToolsVersion = 8.3.3;
						DevelopmentTeam = 9U7V6EYCXU;
						LastSwiftMigration = 0900;
						ProvisioningStyle = Automatic;
						SystemCapabilities = {
							com.apple.Maps.iOS = {
								enabled = 1;
							};
						};
					};
					5F94EDE91F77B73D00540C1E = {
						CreatedOnToolsVersion = 8.3.3;
						ProvisioningStyle = Automatic;
						TestTargetID = 5F94EDD51F77B73D00540C1E;
					};
					5F94EDF41F77B73D00540C1E = {
						CreatedOnToolsVersion = 8.3.3;
						ProvisioningStyle = Automatic;
						TestTargetID = 5F94EDD51F77B73D00540C1E;
					};
				};
			};
			buildConfigurationList = 5F94EDD11F77B73D00540C1E /* Build configuration list for PBXProject "Airports" */;
			compatibilityVersion = "Xcode 3.2";
			developmentRegion = English;
			hasScannedForEncodings = 0;
			knownRegions = (
				en,
				Base,
			);
			mainGroup = 5F94EDCD1F77B73C00540C1E;
			productRefGroup = 5F94EDD71F77B73D00540C1E /* Products */;
			projectDirPath = "";
			projectReferences = (
				{
					ProductGroup = 5F94EE6A1F77EA1D00540C1E /* Products */;
					ProjectRef = 5F94EE691F77EA1D00540C1E /* SQLite.xcodeproj */;
				},
			);
			projectRoot = "";
			targets = (
				5F94EDD51F77B73D00540C1E /* Airports */,
				5F94EDE91F77B73D00540C1E /* AirportsTests */,
				5F94EDF41F77B73D00540C1E /* AirportsUITests */,
			);
		};
/* End PBXProject section */

/* Begin PBXReferenceProxy section */
		5F94EE741F77EA1E00540C1E /* SQLite.framework */ = {
			isa = PBXReferenceProxy;
			fileType = wrapper.framework;
			path = SQLite.framework;
			remoteRef = 5F94EE731F77EA1E00540C1E /* PBXContainerItemProxy */;
			sourceTree = BUILT_PRODUCTS_DIR;
		};
		5F94EE761F77EA1E00540C1E /* SQLiteTests iOS.xctest */ = {
			isa = PBXReferenceProxy;
			fileType = wrapper.cfbundle;
			path = "SQLiteTests iOS.xctest";
			remoteRef = 5F94EE751F77EA1E00540C1E /* PBXContainerItemProxy */;
			sourceTree = BUILT_PRODUCTS_DIR;
		};
		5F94EE781F77EA1E00540C1E /* SQLite.framework */ = {
			isa = PBXReferenceProxy;
			fileType = wrapper.framework;
			path = SQLite.framework;
			remoteRef = 5F94EE771F77EA1E00540C1E /* PBXContainerItemProxy */;
			sourceTree = BUILT_PRODUCTS_DIR;
		};
		5F94EE7A1F77EA1E00540C1E /* SQLiteTests Mac.xctest */ = {
			isa = PBXReferenceProxy;
			fileType = wrapper.cfbundle;
			path = "SQLiteTests Mac.xctest";
			remoteRef = 5F94EE791F77EA1E00540C1E /* PBXContainerItemProxy */;
			sourceTree = BUILT_PRODUCTS_DIR;
		};
		5F94EE7C1F77EA1E00540C1E /* SQLite.framework */ = {
			isa = PBXReferenceProxy;
			fileType = wrapper.framework;
			path = SQLite.framework;
			remoteRef = 5F94EE7B1F77EA1E00540C1E /* PBXContainerItemProxy */;
			sourceTree = BUILT_PRODUCTS_DIR;
		};
		5F94EE7E1F77EA1E00540C1E /* SQLiteTests tvOS.xctest */ = {
			isa = PBXReferenceProxy;
			fileType = wrapper.cfbundle;
			path = "SQLiteTests tvOS.xctest";
			remoteRef = 5F94EE7D1F77EA1E00540C1E /* PBXContainerItemProxy */;
			sourceTree = BUILT_PRODUCTS_DIR;
		};
		5F94EE801F77EA1E00540C1E /* SQLite.framework */ = {
			isa = PBXReferenceProxy;
			fileType = wrapper.framework;
			path = SQLite.framework;
			remoteRef = 5F94EE7F1F77EA1E00540C1E /* PBXContainerItemProxy */;
			sourceTree = BUILT_PRODUCTS_DIR;
		};
/* End PBXReferenceProxy section */

/* Begin PBXResourcesBuildPhase section */
		5F94EDD41F77B73D00540C1E /* Resources */ = {
			isa = PBXResourcesBuildPhase;
			buildActionMask = 2147483647;
			files = (
				5F94EDE41F77B73D00540C1E /* LaunchScreen.storyboard in Resources */,
				5F94EDE11F77B73D00540C1E /* Assets.xcassets in Resources */,
				5F94EDDF1F77B73D00540C1E /* Main.storyboard in Resources */,
				5F94EE881F77F1DA00540C1E /* airports.sqlite in Resources */,
			);
			runOnlyForDeploymentPostprocessing = 0;
		};
		5F94EDE81F77B73D00540C1E /* Resources */ = {
			isa = PBXResourcesBuildPhase;
			buildActionMask = 2147483647;
			files = (
			);
			runOnlyForDeploymentPostprocessing = 0;
		};
		5F94EDF31F77B73D00540C1E /* Resources */ = {
			isa = PBXResourcesBuildPhase;
			buildActionMask = 2147483647;
			files = (
			);
			runOnlyForDeploymentPostprocessing = 0;
		};
/* End PBXResourcesBuildPhase section */

/* Begin PBXSourcesBuildPhase section */
		5F94EDD21F77B73D00540C1E /* Sources */ = {
			isa = PBXSourcesBuildPhase;
			buildActionMask = 2147483647;
			files = (
				5F94EE8C1F77FB4100540C1E /* Airport.swift in Sources */,
				5F94EE8A1F77FAB400540C1E /* AirportDatabaseHelper.swift in Sources */,
				5F8770B41F7D087B00C2AF5D /* AirportTableViewCell.swift in Sources */,
				5F8770B21F7D084F00C2AF5D /* AirportTableViewController.swift in Sources */,
				5F94EDDA1F77B73D00540C1E /* AppDelegate.swift in Sources */,
				5F3A34D01F852A10001B9EE4 /* AirportDetailViewController.swift in Sources */,
			);
			runOnlyForDeploymentPostprocessing = 0;
		};
		5F94EDE61F77B73D00540C1E /* Sources */ = {
			isa = PBXSourcesBuildPhase;
			buildActionMask = 2147483647;
			files = (
				5F94EDEF1F77B73D00540C1E /* AirportsTests.swift in Sources */,
			);
			runOnlyForDeploymentPostprocessing = 0;
		};
		5F94EDF11F77B73D00540C1E /* Sources */ = {
			isa = PBXSourcesBuildPhase;
			buildActionMask = 2147483647;
			files = (
				5F94EDFA1F77B73D00540C1E /* AirportsUITests.swift in Sources */,
			);
			runOnlyForDeploymentPostprocessing = 0;
		};
/* End PBXSourcesBuildPhase section */

/* Begin PBXTargetDependency section */
		5F94EDEC1F77B73D00540C1E /* PBXTargetDependency */ = {
			isa = PBXTargetDependency;
			target = 5F94EDD51F77B73D00540C1E /* Airports */;
			targetProxy = 5F94EDEB1F77B73D00540C1E /* PBXContainerItemProxy */;
		};
		5F94EDF71F77B73D00540C1E /* PBXTargetDependency */ = {
			isa = PBXTargetDependency;
			target = 5F94EDD51F77B73D00540C1E /* Airports */;
			targetProxy = 5F94EDF61F77B73D00540C1E /* PBXContainerItemProxy */;
		};
		5F94EE851F77EA6100540C1E /* PBXTargetDependency */ = {
			isa = PBXTargetDependency;
			name = "SQLite iOS";
			targetProxy = 5F94EE841F77EA6100540C1E /* PBXContainerItemProxy */;
		};
/* End PBXTargetDependency section */

/* Begin PBXVariantGroup section */
		5F94EDDD1F77B73D00540C1E /* Main.storyboard */ = {
			isa = PBXVariantGroup;
			children = (
				5F94EDDE1F77B73D00540C1E /* Base */,
			);
			name = Main.storyboard;
			sourceTree = "<group>";
		};
		5F94EDE21F77B73D00540C1E /* LaunchScreen.storyboard */ = {
			isa = PBXVariantGroup;
			children = (
				5F94EDE31F77B73D00540C1E /* Base */,
			);
			name = LaunchScreen.storyboard;
			sourceTree = "<group>";
		};
/* End PBXVariantGroup section */

/* Begin XCBuildConfiguration section */
		5F94EDFC1F77B73D00540C1E /* Debug */ = {
			isa = XCBuildConfiguration;
			buildSettings = {
				ALWAYS_SEARCH_USER_PATHS = NO;
				CLANG_ANALYZER_NONNULL = YES;
				CLANG_ANALYZER_NUMBER_OBJECT_CONVERSION = YES_AGGRESSIVE;
				CLANG_CXX_LANGUAGE_STANDARD = "gnu++0x";
				CLANG_CXX_LIBRARY = "libc++";
				CLANG_ENABLE_MODULES = YES;
				CLANG_ENABLE_OBJC_ARC = YES;
				CLANG_WARN_BLOCK_CAPTURE_AUTORELEASING = YES;
				CLANG_WARN_BOOL_CONVERSION = YES;
				CLANG_WARN_COMMA = YES;
				CLANG_WARN_CONSTANT_CONVERSION = YES;
				CLANG_WARN_DIRECT_OBJC_ISA_USAGE = YES_ERROR;
				CLANG_WARN_DOCUMENTATION_COMMENTS = YES;
				CLANG_WARN_EMPTY_BODY = YES;
				CLANG_WARN_ENUM_CONVERSION = YES;
				CLANG_WARN_INFINITE_RECURSION = YES;
				CLANG_WARN_INT_CONVERSION = YES;
				CLANG_WARN_NON_LITERAL_NULL_CONVERSION = YES;
				CLANG_WARN_OBJC_LITERAL_CONVERSION = YES;
				CLANG_WARN_OBJC_ROOT_CLASS = YES_ERROR;
				CLANG_WARN_RANGE_LOOP_ANALYSIS = YES;
				CLANG_WARN_STRICT_PROTOTYPES = YES;
				CLANG_WARN_SUSPICIOUS_MOVE = YES;
				CLANG_WARN_UNREACHABLE_CODE = YES;
				CLANG_WARN__DUPLICATE_METHOD_MATCH = YES;
				"CODE_SIGN_IDENTITY[sdk=iphoneos*]" = "iPhone Developer";
				COPY_PHASE_STRIP = NO;
				DEBUG_INFORMATION_FORMAT = dwarf;
				ENABLE_STRICT_OBJC_MSGSEND = YES;
				ENABLE_TESTABILITY = YES;
				GCC_C_LANGUAGE_STANDARD = gnu99;
				GCC_DYNAMIC_NO_PIC = NO;
				GCC_NO_COMMON_BLOCKS = YES;
				GCC_OPTIMIZATION_LEVEL = 0;
				GCC_PREPROCESSOR_DEFINITIONS = (
					"DEBUG=1",
					"$(inherited)",
				);
				GCC_WARN_64_TO_32_BIT_CONVERSION = YES;
				GCC_WARN_ABOUT_RETURN_TYPE = YES_ERROR;
				GCC_WARN_UNDECLARED_SELECTOR = YES;
				GCC_WARN_UNINITIALIZED_AUTOS = YES_AGGRESSIVE;
				GCC_WARN_UNUSED_FUNCTION = YES;
				GCC_WARN_UNUSED_VARIABLE = YES;
				IPHONEOS_DEPLOYMENT_TARGET = 10.3;
				MTL_ENABLE_DEBUG_INFO = YES;
				ONLY_ACTIVE_ARCH = YES;
				SDKROOT = iphoneos;
				SWIFT_ACTIVE_COMPILATION_CONDITIONS = DEBUG;
				SWIFT_OPTIMIZATION_LEVEL = "-Onone";
				SWIFT_VERSION = 4.0;
				TARGETED_DEVICE_FAMILY = "1,2";
			};
			name = Debug;
		};
		5F94EDFD1F77B73D00540C1E /* Release */ = {
			isa = XCBuildConfiguration;
			buildSettings = {
				ALWAYS_SEARCH_USER_PATHS = NO;
				CLANG_ANALYZER_NONNULL = YES;
				CLANG_ANALYZER_NUMBER_OBJECT_CONVERSION = YES_AGGRESSIVE;
				CLANG_CXX_LANGUAGE_STANDARD = "gnu++0x";
				CLANG_CXX_LIBRARY = "libc++";
				CLANG_ENABLE_MODULES = YES;
				CLANG_ENABLE_OBJC_ARC = YES;
				CLANG_WARN_BLOCK_CAPTURE_AUTORELEASING = YES;
				CLANG_WARN_BOOL_CONVERSION = YES;
				CLANG_WARN_COMMA = YES;
				CLANG_WARN_CONSTANT_CONVERSION = YES;
				CLANG_WARN_DIRECT_OBJC_ISA_USAGE = YES_ERROR;
				CLANG_WARN_DOCUMENTATION_COMMENTS = YES;
				CLANG_WARN_EMPTY_BODY = YES;
				CLANG_WARN_ENUM_CONVERSION = YES;
				CLANG_WARN_INFINITE_RECURSION = YES;
				CLANG_WARN_INT_CONVERSION = YES;
				CLANG_WARN_NON_LITERAL_NULL_CONVERSION = YES;
				CLANG_WARN_OBJC_LITERAL_CONVERSION = YES;
				CLANG_WARN_OBJC_ROOT_CLASS = YES_ERROR;
				CLANG_WARN_RANGE_LOOP_ANALYSIS = YES;
				CLANG_WARN_STRICT_PROTOTYPES = YES;
				CLANG_WARN_SUSPICIOUS_MOVE = YES;
				CLANG_WARN_UNREACHABLE_CODE = YES;
				CLANG_WARN__DUPLICATE_METHOD_MATCH = YES;
				"CODE_SIGN_IDENTITY[sdk=iphoneos*]" = "iPhone Developer";
				COPY_PHASE_STRIP = NO;
				DEBUG_INFORMATION_FORMAT = "dwarf-with-dsym";
				ENABLE_NS_ASSERTIONS = NO;
				ENABLE_STRICT_OBJC_MSGSEND = YES;
				GCC_C_LANGUAGE_STANDARD = gnu99;
				GCC_NO_COMMON_BLOCKS = YES;
				GCC_WARN_64_TO_32_BIT_CONVERSION = YES;
				GCC_WARN_ABOUT_RETURN_TYPE = YES_ERROR;
				GCC_WARN_UNDECLARED_SELECTOR = YES;
				GCC_WARN_UNINITIALIZED_AUTOS = YES_AGGRESSIVE;
				GCC_WARN_UNUSED_FUNCTION = YES;
				GCC_WARN_UNUSED_VARIABLE = YES;
				IPHONEOS_DEPLOYMENT_TARGET = 10.3;
				MTL_ENABLE_DEBUG_INFO = NO;
				SDKROOT = iphoneos;
				SWIFT_OPTIMIZATION_LEVEL = "-Owholemodule";
				SWIFT_VERSION = 4.0;
				TARGETED_DEVICE_FAMILY = "1,2";
				VALIDATE_PRODUCT = YES;
			};
			name = Release;
		};
		5F94EDFF1F77B73D00540C1E /* Debug */ = {
			isa = XCBuildConfiguration;
			buildSettings = {
				ALWAYS_EMBED_SWIFT_STANDARD_LIBRARIES = YES;
				ASSETCATALOG_COMPILER_APPICON_NAME = AppIcon;
				DEVELOPMENT_TEAM = 9U7V6EYCXU;
				INFOPLIST_FILE = Airports/Info.plist;
				LD_RUNPATH_SEARCH_PATHS = "$(inherited) @executable_path/Frameworks";
				PRODUCT_BUNDLE_IDENTIFIER = u.Airports;
				PRODUCT_NAME = "$(TARGET_NAME)";
				SWIFT_SWIFT3_OBJC_INFERENCE = On;
				SWIFT_VERSION = 4.0;
			};
			name = Debug;
		};
		5F94EE001F77B73D00540C1E /* Release */ = {
			isa = XCBuildConfiguration;
			buildSettings = {
				ALWAYS_EMBED_SWIFT_STANDARD_LIBRARIES = YES;
				ASSETCATALOG_COMPILER_APPICON_NAME = AppIcon;
				DEVELOPMENT_TEAM = 9U7V6EYCXU;
				INFOPLIST_FILE = Airports/Info.plist;
				LD_RUNPATH_SEARCH_PATHS = "$(inherited) @executable_path/Frameworks";
				PRODUCT_BUNDLE_IDENTIFIER = u.Airports;
				PRODUCT_NAME = "$(TARGET_NAME)";
				SWIFT_SWIFT3_OBJC_INFERENCE = On;
				SWIFT_VERSION = 4.0;
			};
			name = Release;
		};
		5F94EE021F77B73D00540C1E /* Debug */ = {
			isa = XCBuildConfiguration;
			buildSettings = {
				ALWAYS_EMBED_SWIFT_STANDARD_LIBRARIES = YES;
				BUNDLE_LOADER = "$(TEST_HOST)";
				INFOPLIST_FILE = AirportsTests/Info.plist;
				LD_RUNPATH_SEARCH_PATHS = "$(inherited) @executable_path/Frameworks @loader_path/Frameworks";
				PRODUCT_BUNDLE_IDENTIFIER = u.AirportsTests;
				PRODUCT_NAME = "$(TARGET_NAME)";
				SWIFT_VERSION = 3.0;
				TEST_HOST = "$(BUILT_PRODUCTS_DIR)/Airports.app/Airports";
			};
			name = Debug;
		};
		5F94EE031F77B73D00540C1E /* Release */ = {
			isa = XCBuildConfiguration;
			buildSettings = {
				ALWAYS_EMBED_SWIFT_STANDARD_LIBRARIES = YES;
				BUNDLE_LOADER = "$(TEST_HOST)";
				INFOPLIST_FILE = AirportsTests/Info.plist;
				LD_RUNPATH_SEARCH_PATHS = "$(inherited) @executable_path/Frameworks @loader_path/Frameworks";
				PRODUCT_BUNDLE_IDENTIFIER = u.AirportsTests;
				PRODUCT_NAME = "$(TARGET_NAME)";
				SWIFT_VERSION = 3.0;
				TEST_HOST = "$(BUILT_PRODUCTS_DIR)/Airports.app/Airports";
			};
			name = Release;
		};
		5F94EE051F77B73D00540C1E /* Debug */ = {
			isa = XCBuildConfiguration;
			buildSettings = {
				ALWAYS_EMBED_SWIFT_STANDARD_LIBRARIES = YES;
				INFOPLIST_FILE = AirportsUITests/Info.plist;
				LD_RUNPATH_SEARCH_PATHS = "$(inherited) @executable_path/Frameworks @loader_path/Frameworks";
				PRODUCT_BUNDLE_IDENTIFIER = u.AirportsUITests;
				PRODUCT_NAME = "$(TARGET_NAME)";
				SWIFT_VERSION = 3.0;
				TEST_TARGET_NAME = Airports;
			};
			name = Debug;
		};
		5F94EE061F77B73D00540C1E /* Release */ = {
			isa = XCBuildConfiguration;
			buildSettings = {
				ALWAYS_EMBED_SWIFT_STANDARD_LIBRARIES = YES;
				INFOPLIST_FILE = AirportsUITests/Info.plist;
				LD_RUNPATH_SEARCH_PATHS = "$(inherited) @executable_path/Frameworks @loader_path/Frameworks";
				PRODUCT_BUNDLE_IDENTIFIER = u.AirportsUITests;
				PRODUCT_NAME = "$(TARGET_NAME)";
				SWIFT_VERSION = 3.0;
				TEST_TARGET_NAME = Airports;
			};
			name = Release;
		};
/* End XCBuildConfiguration section */

/* Begin XCConfigurationList section */
		5F94EDD11F77B73D00540C1E /* Build configuration list for PBXProject "Airports" */ = {
			isa = XCConfigurationList;
			buildConfigurations = (
				5F94EDFC1F77B73D00540C1E /* Debug */,
				5F94EDFD1F77B73D00540C1E /* Release */,
			);
			defaultConfigurationIsVisible = 0;
			defaultConfigurationName = Release;
		};
		5F94EDFE1F77B73D00540C1E /* Build configuration list for PBXNativeTarget "Airports" */ = {
			isa = XCConfigurationList;
			buildConfigurations = (
				5F94EDFF1F77B73D00540C1E /* Debug */,
				5F94EE001F77B73D00540C1E /* Release */,
			);
			defaultConfigurationIsVisible = 0;
			defaultConfigurationName = Release;
		};
		5F94EE011F77B73D00540C1E /* Build configuration list for PBXNativeTarget "AirportsTests" */ = {
			isa = XCConfigurationList;
			buildConfigurations = (
				5F94EE021F77B73D00540C1E /* Debug */,
				5F94EE031F77B73D00540C1E /* Release */,
			);
			defaultConfigurationIsVisible = 0;
			defaultConfigurationName = Release;
		};
		5F94EE041F77B73D00540C1E /* Build configuration list for PBXNativeTarget "AirportsUITests" */ = {
			isa = XCConfigurationList;
			buildConfigurations = (
				5F94EE051F77B73D00540C1E /* Debug */,
				5F94EE061F77B73D00540C1E /* Release */,
			);
			defaultConfigurationIsVisible = 0;
			defaultConfigurationName = Release;
		};
/* End XCConfigurationList section */
	};
	rootObject = 5F94EDCE1F77B73D00540C1E /* Project object */;
}
